// !$*UTF8*$!
{
	archiveVersion = 1;
	classes = {
	};
	objectVersion = 56;
	objects = {

/* Begin PBXBuildFile section */
		1183D5EF6BAC931B9EDD86DA /* Pods_Flix_FlixUITests.framework in Frameworks */ = {isa = PBXBuildFile; fileRef = 95C2953F95FE7107FE0FA8DB /* Pods_Flix_FlixUITests.framework */; };
		449F536D42F3EC24D1CB3A5E /* Pods_Flix.framework in Frameworks */ = {isa = PBXBuildFile; fileRef = BC78B97CD7B8261A009458B1 /* Pods_Flix.framework */; };
		BE405B2328CD888B009FE299 /* MovieCell.swift in Sources */ = {isa = PBXBuildFile; fileRef = BE405B2228CD888B009FE299 /* MovieCell.swift */; };
		BE405B2628CD8D97009FE299 /* AlamofireImage in Frameworks */ = {isa = PBXBuildFile; productRef = BE405B2528CD8D97009FE299 /* AlamofireImage */; };
		BE89AA5F28CD770800B00F6F /* AppDelegate.swift in Sources */ = {isa = PBXBuildFile; fileRef = BE89AA5E28CD770800B00F6F /* AppDelegate.swift */; };
		BE89AA6128CD770800B00F6F /* SceneDelegate.swift in Sources */ = {isa = PBXBuildFile; fileRef = BE89AA6028CD770800B00F6F /* SceneDelegate.swift */; };
		BE89AA6328CD770800B00F6F /* MoviesViewController.swift in Sources */ = {isa = PBXBuildFile; fileRef = BE89AA6228CD770800B00F6F /* MoviesViewController.swift */; };
		BE89AA6628CD770800B00F6F /* Main.storyboard in Resources */ = {isa = PBXBuildFile; fileRef = BE89AA6428CD770800B00F6F /* Main.storyboard */; };
		BE89AA6828CD770900B00F6F /* Assets.xcassets in Resources */ = {isa = PBXBuildFile; fileRef = BE89AA6728CD770900B00F6F /* Assets.xcassets */; };
		BE89AA6B28CD770900B00F6F /* LaunchScreen.storyboard in Resources */ = {isa = PBXBuildFile; fileRef = BE89AA6928CD770900B00F6F /* LaunchScreen.storyboard */; };
		BE89AA7628CD770A00B00F6F /* FlixTests.swift in Sources */ = {isa = PBXBuildFile; fileRef = BE89AA7528CD770A00B00F6F /* FlixTests.swift */; };
		BE89AA8028CD770A00B00F6F /* FlixUITests.swift in Sources */ = {isa = PBXBuildFile; fileRef = BE89AA7F28CD770A00B00F6F /* FlixUITests.swift */; };
		BE89AA8228CD770A00B00F6F /* FlixUITestsLaunchTests.swift in Sources */ = {isa = PBXBuildFile; fileRef = BE89AA8128CD770A00B00F6F /* FlixUITestsLaunchTests.swift */; };
		C16D066401EE68ADAEF2A059 /* Pods_FlixTests.framework in Frameworks */ = {isa = PBXBuildFile; fileRef = F97F4637A7E5EF949E640083 /* Pods_FlixTests.framework */; };
/* End PBXBuildFile section */

/* Begin PBXContainerItemProxy section */
		BE89AA7228CD770A00B00F6F /* PBXContainerItemProxy */ = {
			isa = PBXContainerItemProxy;
			containerPortal = BE89AA5328CD770800B00F6F /* Project object */;
			proxyType = 1;
			remoteGlobalIDString = BE89AA5A28CD770800B00F6F;
			remoteInfo = Flix;
		};
		BE89AA7C28CD770A00B00F6F /* PBXContainerItemProxy */ = {
			isa = PBXContainerItemProxy;
			containerPortal = BE89AA5328CD770800B00F6F /* Project object */;
			proxyType = 1;
			remoteGlobalIDString = BE89AA5A28CD770800B00F6F;
			remoteInfo = Flix;
		};
/* End PBXContainerItemProxy section */

/* Begin PBXFileReference section */
		2188DAF6F6E0DD1ACA165942 /* Pods-Flix-FlixUITests.debug.xcconfig */ = {isa = PBXFileReference; includeInIndex = 1; lastKnownFileType = text.xcconfig; name = "Pods-Flix-FlixUITests.debug.xcconfig"; path = "Target Support Files/Pods-Flix-FlixUITests/Pods-Flix-FlixUITests.debug.xcconfig"; sourceTree = "<group>"; };
		2E57B4DBA4B13D91304256C2 /* Pods-Flix.debug.xcconfig */ = {isa = PBXFileReference; includeInIndex = 1; lastKnownFileType = text.xcconfig; name = "Pods-Flix.debug.xcconfig"; path = "Target Support Files/Pods-Flix/Pods-Flix.debug.xcconfig"; sourceTree = "<group>"; };
		38947740B366AD2722205C45 /* Pods-FlixTests.release.xcconfig */ = {isa = PBXFileReference; includeInIndex = 1; lastKnownFileType = text.xcconfig; name = "Pods-FlixTests.release.xcconfig"; path = "Target Support Files/Pods-FlixTests/Pods-FlixTests.release.xcconfig"; sourceTree = "<group>"; };
		47BFA415D9D2177E2AD4B03C /* Pods-Flix.release.xcconfig */ = {isa = PBXFileReference; includeInIndex = 1; lastKnownFileType = text.xcconfig; name = "Pods-Flix.release.xcconfig"; path = "Target Support Files/Pods-Flix/Pods-Flix.release.xcconfig"; sourceTree = "<group>"; };
		95C2953F95FE7107FE0FA8DB /* Pods_Flix_FlixUITests.framework */ = {isa = PBXFileReference; explicitFileType = wrapper.framework; includeInIndex = 0; path = Pods_Flix_FlixUITests.framework; sourceTree = BUILT_PRODUCTS_DIR; };
		BC78B97CD7B8261A009458B1 /* Pods_Flix.framework */ = {isa = PBXFileReference; explicitFileType = wrapper.framework; includeInIndex = 0; path = Pods_Flix.framework; sourceTree = BUILT_PRODUCTS_DIR; };
		BE405B2228CD888B009FE299 /* MovieCell.swift */ = {isa = PBXFileReference; lastKnownFileType = sourcecode.swift; path = MovieCell.swift; sourceTree = "<group>"; };
		BE89AA5B28CD770800B00F6F /* Flix.app */ = {isa = PBXFileReference; explicitFileType = wrapper.application; includeInIndex = 0; path = Flix.app; sourceTree = BUILT_PRODUCTS_DIR; };
		BE89AA5E28CD770800B00F6F /* AppDelegate.swift */ = {isa = PBXFileReference; lastKnownFileType = sourcecode.swift; path = AppDelegate.swift; sourceTree = "<group>"; };
		BE89AA6028CD770800B00F6F /* SceneDelegate.swift */ = {isa = PBXFileReference; lastKnownFileType = sourcecode.swift; path = SceneDelegate.swift; sourceTree = "<group>"; };
		BE89AA6228CD770800B00F6F /* MoviesViewController.swift */ = {isa = PBXFileReference; lastKnownFileType = sourcecode.swift; path = MoviesViewController.swift; sourceTree = "<group>"; };
		BE89AA6528CD770800B00F6F /* Base */ = {isa = PBXFileReference; lastKnownFileType = file.storyboard; name = Base; path = Base.lproj/Main.storyboard; sourceTree = "<group>"; };
		BE89AA6728CD770900B00F6F /* Assets.xcassets */ = {isa = PBXFileReference; lastKnownFileType = folder.assetcatalog; path = Assets.xcassets; sourceTree = "<group>"; };
		BE89AA6A28CD770900B00F6F /* Base */ = {isa = PBXFileReference; lastKnownFileType = file.storyboard; name = Base; path = Base.lproj/LaunchScreen.storyboard; sourceTree = "<group>"; };
		BE89AA6C28CD770900B00F6F /* Info.plist */ = {isa = PBXFileReference; lastKnownFileType = text.plist.xml; path = Info.plist; sourceTree = "<group>"; };
		BE89AA7128CD770A00B00F6F /* FlixTests.xctest */ = {isa = PBXFileReference; explicitFileType = wrapper.cfbundle; includeInIndex = 0; path = FlixTests.xctest; sourceTree = BUILT_PRODUCTS_DIR; };
		BE89AA7528CD770A00B00F6F /* FlixTests.swift */ = {isa = PBXFileReference; lastKnownFileType = sourcecode.swift; path = FlixTests.swift; sourceTree = "<group>"; };
		BE89AA7B28CD770A00B00F6F /* FlixUITests.xctest */ = {isa = PBXFileReference; explicitFileType = wrapper.cfbundle; includeInIndex = 0; path = FlixUITests.xctest; sourceTree = BUILT_PRODUCTS_DIR; };
		BE89AA7F28CD770A00B00F6F /* FlixUITests.swift */ = {isa = PBXFileReference; lastKnownFileType = sourcecode.swift; path = FlixUITests.swift; sourceTree = "<group>"; };
		BE89AA8128CD770A00B00F6F /* FlixUITestsLaunchTests.swift */ = {isa = PBXFileReference; lastKnownFileType = sourcecode.swift; path = FlixUITestsLaunchTests.swift; sourceTree = "<group>"; };
		C5E47DDF7D8B13C7DE2C04EE /* Pods-FlixTests.debug.xcconfig */ = {isa = PBXFileReference; includeInIndex = 1; lastKnownFileType = text.xcconfig; name = "Pods-FlixTests.debug.xcconfig"; path = "Target Support Files/Pods-FlixTests/Pods-FlixTests.debug.xcconfig"; sourceTree = "<group>"; };
		C67A274397F7817D36A303C7 /* Pods-Flix-FlixUITests.release.xcconfig */ = {isa = PBXFileReference; includeInIndex = 1; lastKnownFileType = text.xcconfig; name = "Pods-Flix-FlixUITests.release.xcconfig"; path = "Target Support Files/Pods-Flix-FlixUITests/Pods-Flix-FlixUITests.release.xcconfig"; sourceTree = "<group>"; };
		F97F4637A7E5EF949E640083 /* Pods_FlixTests.framework */ = {isa = PBXFileReference; explicitFileType = wrapper.framework; includeInIndex = 0; path = Pods_FlixTests.framework; sourceTree = BUILT_PRODUCTS_DIR; };
/* End PBXFileReference section */

/* Begin PBXFrameworksBuildPhase section */
		BE89AA5828CD770800B00F6F /* Frameworks */ = {
			isa = PBXFrameworksBuildPhase;
			buildActionMask = 2147483647;
			files = (
				BE405B2628CD8D97009FE299 /* AlamofireImage in Frameworks */,
				449F536D42F3EC24D1CB3A5E /* Pods_Flix.framework in Frameworks */,
			);
			runOnlyForDeploymentPostprocessing = 0;
		};
		BE89AA6E28CD770A00B00F6F /* Frameworks */ = {
			isa = PBXFrameworksBuildPhase;
			buildActionMask = 2147483647;
			files = (
				C16D066401EE68ADAEF2A059 /* Pods_FlixTests.framework in Frameworks */,
			);
			runOnlyForDeploymentPostprocessing = 0;
		};
		BE89AA7828CD770A00B00F6F /* Frameworks */ = {
			isa = PBXFrameworksBuildPhase;
			buildActionMask = 2147483647;
			files = (
				1183D5EF6BAC931B9EDD86DA /* Pods_Flix_FlixUITests.framework in Frameworks */,
			);
			runOnlyForDeploymentPostprocessing = 0;
		};
/* End PBXFrameworksBuildPhase section */

/* Begin PBXGroup section */
		9522004487074EC7DB4930A5 /* Frameworks */ = {
			isa = PBXGroup;
			children = (
				BC78B97CD7B8261A009458B1 /* Pods_Flix.framework */,
				95C2953F95FE7107FE0FA8DB /* Pods_Flix_FlixUITests.framework */,
				F97F4637A7E5EF949E640083 /* Pods_FlixTests.framework */,
			);
			name = Frameworks;
			sourceTree = "<group>";
		};
		BE89AA5228CD770800B00F6F = {
			isa = PBXGroup;
			children = (
				BE89AA5D28CD770800B00F6F /* Flix */,
				BE89AA7428CD770A00B00F6F /* FlixTests */,
				BE89AA7E28CD770A00B00F6F /* FlixUITests */,
				BE89AA5C28CD770800B00F6F /* Products */,
				F8080C25AB197C955F3CE56B /* Pods */,
				9522004487074EC7DB4930A5 /* Frameworks */,
			);
			sourceTree = "<group>";
		};
		BE89AA5C28CD770800B00F6F /* Products */ = {
			isa = PBXGroup;
			children = (
				BE89AA5B28CD770800B00F6F /* Flix.app */,
				BE89AA7128CD770A00B00F6F /* FlixTests.xctest */,
				BE89AA7B28CD770A00B00F6F /* FlixUITests.xctest */,
			);
			name = Products;
			sourceTree = "<group>";
		};
		BE89AA5D28CD770800B00F6F /* Flix */ = {
			isa = PBXGroup;
			children = (
				BE89AA5E28CD770800B00F6F /* AppDelegate.swift */,
				BE89AA6028CD770800B00F6F /* SceneDelegate.swift */,
				BE89AA6228CD770800B00F6F /* MoviesViewController.swift */,
				BE89AA6428CD770800B00F6F /* Main.storyboard */,
				BE89AA6728CD770900B00F6F /* Assets.xcassets */,
				BE89AA6928CD770900B00F6F /* LaunchScreen.storyboard */,
				BE89AA6C28CD770900B00F6F /* Info.plist */,
				BE405B2228CD888B009FE299 /* MovieCell.swift */,
			);
			path = Flix;
			sourceTree = "<group>";
		};
		BE89AA7428CD770A00B00F6F /* FlixTests */ = {
			isa = PBXGroup;
			children = (
				BE89AA7528CD770A00B00F6F /* FlixTests.swift */,
			);
			path = FlixTests;
			sourceTree = "<group>";
		};
		BE89AA7E28CD770A00B00F6F /* FlixUITests */ = {
			isa = PBXGroup;
			children = (
				BE89AA7F28CD770A00B00F6F /* FlixUITests.swift */,
				BE89AA8128CD770A00B00F6F /* FlixUITestsLaunchTests.swift */,
			);
			path = FlixUITests;
			sourceTree = "<group>";
		};
		F8080C25AB197C955F3CE56B /* Pods */ = {
			isa = PBXGroup;
			children = (
				2E57B4DBA4B13D91304256C2 /* Pods-Flix.debug.xcconfig */,
				47BFA415D9D2177E2AD4B03C /* Pods-Flix.release.xcconfig */,
				2188DAF6F6E0DD1ACA165942 /* Pods-Flix-FlixUITests.debug.xcconfig */,
				C67A274397F7817D36A303C7 /* Pods-Flix-FlixUITests.release.xcconfig */,
				C5E47DDF7D8B13C7DE2C04EE /* Pods-FlixTests.debug.xcconfig */,
				38947740B366AD2722205C45 /* Pods-FlixTests.release.xcconfig */,
			);
			path = Pods;
			sourceTree = "<group>";
		};
/* End PBXGroup section */

/* Begin PBXNativeTarget section */
		BE89AA5A28CD770800B00F6F /* Flix */ = {
			isa = PBXNativeTarget;
			buildConfigurationList = BE89AA8528CD770A00B00F6F /* Build configuration list for PBXNativeTarget "Flix" */;
			buildPhases = (
				FC79E1E457FD7250E5317B78 /* [CP] Check Pods Manifest.lock */,
				BE89AA5728CD770800B00F6F /* Sources */,
				BE89AA5828CD770800B00F6F /* Frameworks */,
				BE89AA5928CD770800B00F6F /* Resources */,
				B7150BFE1A6B19717526EE90 /* [CP] Embed Pods Frameworks */,
			);
			buildRules = (
			);
			dependencies = (
			);
			name = Flix;
			packageProductDependencies = (
				BE405B2528CD8D97009FE299 /* AlamofireImage */,
			);
			productName = Flix;
			productReference = BE89AA5B28CD770800B00F6F /* Flix.app */;
			productType = "com.apple.product-type.application";
		};
		BE89AA7028CD770A00B00F6F /* FlixTests */ = {
			isa = PBXNativeTarget;
			buildConfigurationList = BE89AA8828CD770A00B00F6F /* Build configuration list for PBXNativeTarget "FlixTests" */;
			buildPhases = (
				B7FE333A6B409D1653798CBA /* [CP] Check Pods Manifest.lock */,
				BE89AA6D28CD770A00B00F6F /* Sources */,
				BE89AA6E28CD770A00B00F6F /* Frameworks */,
				BE89AA6F28CD770A00B00F6F /* Resources */,
			);
			buildRules = (
			);
			dependencies = (
				BE89AA7328CD770A00B00F6F /* PBXTargetDependency */,
			);
			name = FlixTests;
			productName = FlixTests;
			productReference = BE89AA7128CD770A00B00F6F /* FlixTests.xctest */;
			productType = "com.apple.product-type.bundle.unit-test";
		};
		BE89AA7A28CD770A00B00F6F /* FlixUITests */ = {
			isa = PBXNativeTarget;
			buildConfigurationList = BE89AA8B28CD770A00B00F6F /* Build configuration list for PBXNativeTarget "FlixUITests" */;
			buildPhases = (
				ADA9872E192042EB2A8471C0 /* [CP] Check Pods Manifest.lock */,
				BE89AA7728CD770A00B00F6F /* Sources */,
				BE89AA7828CD770A00B00F6F /* Frameworks */,
				BE89AA7928CD770A00B00F6F /* Resources */,
				EBBDCC96C090DE95410E3FD6 /* [CP] Embed Pods Frameworks */,
			);
			buildRules = (
			);
			dependencies = (
				BE89AA7D28CD770A00B00F6F /* PBXTargetDependency */,
			);
			name = FlixUITests;
			productName = FlixUITests;
			productReference = BE89AA7B28CD770A00B00F6F /* FlixUITests.xctest */;
			productType = "com.apple.product-type.bundle.ui-testing";
		};
/* End PBXNativeTarget section */

/* Begin PBXProject section */
		BE89AA5328CD770800B00F6F /* Project object */ = {
			isa = PBXProject;
			attributes = {
				BuildIndependentTargetsInParallel = 1;
				LastSwiftUpdateCheck = 1400;
				LastUpgradeCheck = 1400;
				TargetAttributes = {
					BE89AA5A28CD770800B00F6F = {
						CreatedOnToolsVersion = 14.0;
					};
					BE89AA7028CD770A00B00F6F = {
						CreatedOnToolsVersion = 14.0;
						TestTargetID = BE89AA5A28CD770800B00F6F;
					};
					BE89AA7A28CD770A00B00F6F = {
						CreatedOnToolsVersion = 14.0;
						TestTargetID = BE89AA5A28CD770800B00F6F;
					};
				};
			};
			buildConfigurationList = BE89AA5628CD770800B00F6F /* Build configuration list for PBXProject "Flix" */;
			compatibilityVersion = "Xcode 14.0";
			developmentRegion = en;
			hasScannedForEncodings = 0;
			knownRegions = (
				en,
				Base,
			);
			mainGroup = BE89AA5228CD770800B00F6F;
			packageReferences = (
				BE405B2428CD8D97009FE299 /* XCRemoteSwiftPackageReference "AlamofireImage" */,
			);
			productRefGroup = BE89AA5C28CD770800B00F6F /* Products */;
			projectDirPath = "";
			projectRoot = "";
			targets = (
				BE89AA5A28CD770800B00F6F /* Flix */,
				BE89AA7028CD770A00B00F6F /* FlixTests */,
				BE89AA7A28CD770A00B00F6F /* FlixUITests */,
			);
		};
/* End PBXProject section */

/* Begin PBXResourcesBuildPhase section */
		BE89AA5928CD770800B00F6F /* Resources */ = {
			isa = PBXResourcesBuildPhase;
			buildActionMask = 2147483647;
			files = (
				BE89AA6B28CD770900B00F6F /* LaunchScreen.storyboard in Resources */,
				BE89AA6828CD770900B00F6F /* Assets.xcassets in Resources */,
				BE89AA6628CD770800B00F6F /* Main.storyboard in Resources */,
			);
			runOnlyForDeploymentPostprocessing = 0;
		};
		BE89AA6F28CD770A00B00F6F /* Resources */ = {
			isa = PBXResourcesBuildPhase;
			buildActionMask = 2147483647;
			files = (
			);
			runOnlyForDeploymentPostprocessing = 0;
		};
		BE89AA7928CD770A00B00F6F /* Resources */ = {
			isa = PBXResourcesBuildPhase;
			buildActionMask = 2147483647;
			files = (
			);
			runOnlyForDeploymentPostprocessing = 0;
		};
/* End PBXResourcesBuildPhase section */

/* Begin PBXShellScriptBuildPhase section */
		ADA9872E192042EB2A8471C0 /* [CP] Check Pods Manifest.lock */ = {
			isa = PBXShellScriptBuildPhase;
			buildActionMask = 2147483647;
			files = (
			);
			inputFileListPaths = (
			);
			inputPaths = (
				"${PODS_PODFILE_DIR_PATH}/Podfile.lock",
				"${PODS_ROOT}/Manifest.lock",
			);
			name = "[CP] Check Pods Manifest.lock";
			outputFileListPaths = (
			);
			outputPaths = (
				"$(DERIVED_FILE_DIR)/Pods-Flix-FlixUITests-checkManifestLockResult.txt",
			);
			runOnlyForDeploymentPostprocessing = 0;
			shellPath = /bin/sh;
			shellScript = "diff \"${PODS_PODFILE_DIR_PATH}/Podfile.lock\" \"${PODS_ROOT}/Manifest.lock\" > /dev/null\nif [ $? != 0 ] ; then\n    # print error to STDERR\n    echo \"error: The sandbox is not in sync with the Podfile.lock. Run 'pod install' or update your CocoaPods installation.\" >&2\n    exit 1\nfi\n# This output is used by Xcode 'outputs' to avoid re-running this script phase.\necho \"SUCCESS\" > \"${SCRIPT_OUTPUT_FILE_0}\"\n";
			showEnvVarsInLog = 0;
		};
		B7150BFE1A6B19717526EE90 /* [CP] Embed Pods Frameworks */ = {
			isa = PBXShellScriptBuildPhase;
			buildActionMask = 2147483647;
			files = (
			);
			inputFileListPaths = (
				"${PODS_ROOT}/Target Support Files/Pods-Flix/Pods-Flix-frameworks-${CONFIGURATION}-input-files.xcfilelist",
			);
			name = "[CP] Embed Pods Frameworks";
			outputFileListPaths = (
				"${PODS_ROOT}/Target Support Files/Pods-Flix/Pods-Flix-frameworks-${CONFIGURATION}-output-files.xcfilelist",
			);
			runOnlyForDeploymentPostprocessing = 0;
			shellPath = /bin/sh;
			shellScript = "\"${PODS_ROOT}/Target Support Files/Pods-Flix/Pods-Flix-frameworks.sh\"\n";
			showEnvVarsInLog = 0;
		};
		B7FE333A6B409D1653798CBA /* [CP] Check Pods Manifest.lock */ = {
			isa = PBXShellScriptBuildPhase;
			buildActionMask = 2147483647;
			files = (
			);
			inputFileListPaths = (
			);
			inputPaths = (
				"${PODS_PODFILE_DIR_PATH}/Podfile.lock",
				"${PODS_ROOT}/Manifest.lock",
			);
			name = "[CP] Check Pods Manifest.lock";
			outputFileListPaths = (
			);
			outputPaths = (
				"$(DERIVED_FILE_DIR)/Pods-FlixTests-checkManifestLockResult.txt",
			);
			runOnlyForDeploymentPostprocessing = 0;
			shellPath = /bin/sh;
			shellScript = "diff \"${PODS_PODFILE_DIR_PATH}/Podfile.lock\" \"${PODS_ROOT}/Manifest.lock\" > /dev/null\nif [ $? != 0 ] ; then\n    # print error to STDERR\n    echo \"error: The sandbox is not in sync with the Podfile.lock. Run 'pod install' or update your CocoaPods installation.\" >&2\n    exit 1\nfi\n# This output is used by Xcode 'outputs' to avoid re-running this script phase.\necho \"SUCCESS\" > \"${SCRIPT_OUTPUT_FILE_0}\"\n";
			showEnvVarsInLog = 0;
		};
		EBBDCC96C090DE95410E3FD6 /* [CP] Embed Pods Frameworks */ = {
			isa = PBXShellScriptBuildPhase;
			buildActionMask = 2147483647;
			files = (
			);
			inputFileListPaths = (
				"${PODS_ROOT}/Target Support Files/Pods-Flix-FlixUITests/Pods-Flix-FlixUITests-frameworks-${CONFIGURATION}-input-files.xcfilelist",
			);
			name = "[CP] Embed Pods Frameworks";
			outputFileListPaths = (
				"${PODS_ROOT}/Target Support Files/Pods-Flix-FlixUITests/Pods-Flix-FlixUITests-frameworks-${CONFIGURATION}-output-files.xcfilelist",
			);
			runOnlyForDeploymentPostprocessing = 0;
			shellPath = /bin/sh;
			shellScript = "\"${PODS_ROOT}/Target Support Files/Pods-Flix-FlixUITests/Pods-Flix-FlixUITests-frameworks.sh\"\n";
			showEnvVarsInLog = 0;
		};
		FC79E1E457FD7250E5317B78 /* [CP] Check Pods Manifest.lock */ = {
			isa = PBXShellScriptBuildPhase;
			buildActionMask = 2147483647;
			files = (
			);
			inputFileListPaths = (
			);
			inputPaths = (
				"${PODS_PODFILE_DIR_PATH}/Podfile.lock",
				"${PODS_ROOT}/Manifest.lock",
			);
			name = "[CP] Check Pods Manifest.lock";
			outputFileListPaths = (
			);
			outputPaths = (
				"$(DERIVED_FILE_DIR)/Pods-Flix-checkManifestLockResult.txt",
			);
			runOnlyForDeploymentPostprocessing = 0;
			shellPath = /bin/sh;
			shellScript = "diff \"${PODS_PODFILE_DIR_PATH}/Podfile.lock\" \"${PODS_ROOT}/Manifest.lock\" > /dev/null\nif [ $? != 0 ] ; then\n    # print error to STDERR\n    echo \"error: The sandbox is not in sync with the Podfile.lock. Run 'pod install' or update your CocoaPods installation.\" >&2\n    exit 1\nfi\n# This output is used by Xcode 'outputs' to avoid re-running this script phase.\necho \"SUCCESS\" > \"${SCRIPT_OUTPUT_FILE_0}\"\n";
			showEnvVarsInLog = 0;
		};
/* End PBXShellScriptBuildPhase section */

/* Begin PBXSourcesBuildPhase section */
		BE89AA5728CD770800B00F6F /* Sources */ = {
			isa = PBXSourcesBuildPhase;
			buildActionMask = 2147483647;
			files = (
				BE89AA6328CD770800B00F6F /* MoviesViewController.swift in Sources */,
				BE89AA5F28CD770800B00F6F /* AppDelegate.swift in Sources */,
				BE405B2328CD888B009FE299 /* MovieCell.swift in Sources */,
				BE89AA6128CD770800B00F6F /* SceneDelegate.swift in Sources */,
			);
			runOnlyForDeploymentPostprocessing = 0;
		};
		BE89AA6D28CD770A00B00F6F /* Sources */ = {
			isa = PBXSourcesBuildPhase;
			buildActionMask = 2147483647;
			files = (
				BE89AA7628CD770A00B00F6F /* FlixTests.swift in Sources */,
			);
			runOnlyForDeploymentPostprocessing = 0;
		};
		BE89AA7728CD770A00B00F6F /* Sources */ = {
			isa = PBXSourcesBuildPhase;
			buildActionMask = 2147483647;
			files = (
				BE89AA8028CD770A00B00F6F /* FlixUITests.swift in Sources */,
				BE89AA8228CD770A00B00F6F /* FlixUITestsLaunchTests.swift in Sources */,
			);
			runOnlyForDeploymentPostprocessing = 0;
		};
/* End PBXSourcesBuildPhase section */

/* Begin PBXTargetDependency section */
		BE89AA7328CD770A00B00F6F /* PBXTargetDependency */ = {
			isa = PBXTargetDependency;
			target = BE89AA5A28CD770800B00F6F /* Flix */;
			targetProxy = BE89AA7228CD770A00B00F6F /* PBXContainerItemProxy */;
		};
		BE89AA7D28CD770A00B00F6F /* PBXTargetDependency */ = {
			isa = PBXTargetDependency;
			target = BE89AA5A28CD770800B00F6F /* Flix */;
			targetProxy = BE89AA7C28CD770A00B00F6F /* PBXContainerItemProxy */;
		};
/* End PBXTargetDependency section */

/* Begin PBXVariantGroup section */
		BE89AA6428CD770800B00F6F /* Main.storyboard */ = {
			isa = PBXVariantGroup;
			children = (
				BE89AA6528CD770800B00F6F /* Base */,
			);
			name = Main.storyboard;
			sourceTree = "<group>";
		};
		BE89AA6928CD770900B00F6F /* LaunchScreen.storyboard */ = {
			isa = PBXVariantGroup;
			children = (
				BE89AA6A28CD770900B00F6F /* Base */,
			);
			name = LaunchScreen.storyboard;
			sourceTree = "<group>";
		};
/* End PBXVariantGroup section */

/* Begin XCBuildConfiguration section */
		BE89AA8328CD770A00B00F6F /* Debug */ = {
			isa = XCBuildConfiguration;
			buildSettings = {
				ALWAYS_SEARCH_USER_PATHS = NO;
				CLANG_ANALYZER_NONNULL = YES;
				CLANG_ANALYZER_NUMBER_OBJECT_CONVERSION = YES_AGGRESSIVE;
				CLANG_CXX_LANGUAGE_STANDARD = "gnu++17";
				CLANG_ENABLE_MODULES = YES;
				CLANG_ENABLE_OBJC_ARC = YES;
				CLANG_ENABLE_OBJC_WEAK = YES;
				CLANG_WARN_BLOCK_CAPTURE_AUTORELEASING = YES;
				CLANG_WARN_BOOL_CONVERSION = YES;
				CLANG_WARN_COMMA = YES;
				CLANG_WARN_CONSTANT_CONVERSION = YES;
				CLANG_WARN_DEPRECATED_OBJC_IMPLEMENTATIONS = YES;
				CLANG_WARN_DIRECT_OBJC_ISA_USAGE = YES_ERROR;
				CLANG_WARN_DOCUMENTATION_COMMENTS = YES;
				CLANG_WARN_EMPTY_BODY = YES;
				CLANG_WARN_ENUM_CONVERSION = YES;
				CLANG_WARN_INFINITE_RECURSION = YES;
				CLANG_WARN_INT_CONVERSION = YES;
				CLANG_WARN_NON_LITERAL_NULL_CONVERSION = YES;
				CLANG_WARN_OBJC_IMPLICIT_RETAIN_SELF = YES;
				CLANG_WARN_OBJC_LITERAL_CONVERSION = YES;
				CLANG_WARN_OBJC_ROOT_CLASS = YES_ERROR;
				CLANG_WARN_QUOTED_INCLUDE_IN_FRAMEWORK_HEADER = YES;
				CLANG_WARN_RANGE_LOOP_ANALYSIS = YES;
				CLANG_WARN_STRICT_PROTOTYPES = YES;
				CLANG_WARN_SUSPICIOUS_MOVE = YES;
				CLANG_WARN_UNGUARDED_AVAILABILITY = YES_AGGRESSIVE;
				CLANG_WARN_UNREACHABLE_CODE = YES;
				CLANG_WARN__DUPLICATE_METHOD_MATCH = YES;
				COPY_PHASE_STRIP = NO;
				DEBUG_INFORMATION_FORMAT = dwarf;
				ENABLE_STRICT_OBJC_MSGSEND = YES;
				ENABLE_TESTABILITY = YES;
				GCC_C_LANGUAGE_STANDARD = gnu11;
				GCC_DYNAMIC_NO_PIC = NO;
				GCC_NO_COMMON_BLOCKS = YES;
				GCC_OPTIMIZATION_LEVEL = 0;
				GCC_PREPROCESSOR_DEFINITIONS = (
					"DEBUG=1",
					"$(inherited)",
				);
				GCC_WARN_64_TO_32_BIT_CONVERSION = YES;
				GCC_WARN_ABOUT_RETURN_TYPE = YES_ERROR;
				GCC_WARN_UNDECLARED_SELECTOR = YES;
				GCC_WARN_UNINITIALIZED_AUTOS = YES_AGGRESSIVE;
				GCC_WARN_UNUSED_FUNCTION = YES;
				GCC_WARN_UNUSED_VARIABLE = YES;
				IPHONEOS_DEPLOYMENT_TARGET = 15.4;
				MTL_ENABLE_DEBUG_INFO = INCLUDE_SOURCE;
				MTL_FAST_MATH = YES;
				ONLY_ACTIVE_ARCH = YES;
				SDKROOT = iphoneos;
				SWIFT_ACTIVE_COMPILATION_CONDITIONS = DEBUG;
				SWIFT_OPTIMIZATION_LEVEL = "-Onone";
			};
			name = Debug;
		};
		BE89AA8428CD770A00B00F6F /* Release */ = {
			isa = XCBuildConfiguration;
			buildSettings = {
				ALWAYS_SEARCH_USER_PATHS = NO;
				CLANG_ANALYZER_NONNULL = YES;
				CLANG_ANALYZER_NUMBER_OBJECT_CONVERSION = YES_AGGRESSIVE;
				CLANG_CXX_LANGUAGE_STANDARD = "gnu++17";
				CLANG_ENABLE_MODULES = YES;
				CLANG_ENABLE_OBJC_ARC = YES;
				CLANG_ENABLE_OBJC_WEAK = YES;
				CLANG_WARN_BLOCK_CAPTURE_AUTORELEASING = YES;
				CLANG_WARN_BOOL_CONVERSION = YES;
				CLANG_WARN_COMMA = YES;
				CLANG_WARN_CONSTANT_CONVERSION = YES;
				CLANG_WARN_DEPRECATED_OBJC_IMPLEMENTATIONS = YES;
				CLANG_WARN_DIRECT_OBJC_ISA_USAGE = YES_ERROR;
				CLANG_WARN_DOCUMENTATION_COMMENTS = YES;
				CLANG_WARN_EMPTY_BODY = YES;
				CLANG_WARN_ENUM_CONVERSION = YES;
				CLANG_WARN_INFINITE_RECURSION = YES;
				CLANG_WARN_INT_CONVERSION = YES;
				CLANG_WARN_NON_LITERAL_NULL_CONVERSION = YES;
				CLANG_WARN_OBJC_IMPLICIT_RETAIN_SELF = YES;
				CLANG_WARN_OBJC_LITERAL_CONVERSION = YES;
				CLANG_WARN_OBJC_ROOT_CLASS = YES_ERROR;
				CLANG_WARN_QUOTED_INCLUDE_IN_FRAMEWORK_HEADER = YES;
				CLANG_WARN_RANGE_LOOP_ANALYSIS = YES;
				CLANG_WARN_STRICT_PROTOTYPES = YES;
				CLANG_WARN_SUSPICIOUS_MOVE = YES;
				CLANG_WARN_UNGUARDED_AVAILABILITY = YES_AGGRESSIVE;
				CLANG_WARN_UNREACHABLE_CODE = YES;
				CLANG_WARN__DUPLICATE_METHOD_MATCH = YES;
				COPY_PHASE_STRIP = NO;
				DEBUG_INFORMATION_FORMAT = "dwarf-with-dsym";
				ENABLE_NS_ASSERTIONS = NO;
				ENABLE_STRICT_OBJC_MSGSEND = YES;
				GCC_C_LANGUAGE_STANDARD = gnu11;
				GCC_NO_COMMON_BLOCKS = YES;
				GCC_WARN_64_TO_32_BIT_CONVERSION = YES;
				GCC_WARN_ABOUT_RETURN_TYPE = YES_ERROR;
				GCC_WARN_UNDECLARED_SELECTOR = YES;
				GCC_WARN_UNINITIALIZED_AUTOS = YES_AGGRESSIVE;
				GCC_WARN_UNUSED_FUNCTION = YES;
				GCC_WARN_UNUSED_VARIABLE = YES;
				IPHONEOS_DEPLOYMENT_TARGET = 15.4;
				MTL_ENABLE_DEBUG_INFO = NO;
				MTL_FAST_MATH = YES;
				SDKROOT = iphoneos;
				SWIFT_COMPILATION_MODE = wholemodule;
				SWIFT_OPTIMIZATION_LEVEL = "-O";
				VALIDATE_PRODUCT = YES;
			};
			name = Release;
		};
		BE89AA8628CD770A00B00F6F /* Debug */ = {
			isa = XCBuildConfiguration;
			baseConfigurationReference = 2E57B4DBA4B13D91304256C2 /* Pods-Flix.debug.xcconfig */;
			buildSettings = {
				ASSETCATALOG_COMPILER_APPICON_NAME = AppIcon;
				ASSETCATALOG_COMPILER_GLOBAL_ACCENT_COLOR_NAME = AccentColor;
				CODE_SIGN_STYLE = Automatic;
				CURRENT_PROJECT_VERSION = 1;
				DEVELOPMENT_TEAM = 7RHS86QMAW;
				GENERATE_INFOPLIST_FILE = YES;
				INFOPLIST_FILE = Flix/Info.plist;
				INFOPLIST_KEY_UIApplicationSupportsIndirectInputEvents = YES;
				INFOPLIST_KEY_UILaunchStoryboardName = LaunchScreen;
				INFOPLIST_KEY_UIMainStoryboardFile = Main;
				INFOPLIST_KEY_UISupportedInterfaceOrientations_iPad = "UIInterfaceOrientationPortrait UIInterfaceOrientationPortraitUpsideDown UIInterfaceOrientationLandscapeLeft UIInterfaceOrientationLandscapeRight";
				INFOPLIST_KEY_UISupportedInterfaceOrientations_iPhone = "UIInterfaceOrientationPortrait UIInterfaceOrientationLandscapeLeft UIInterfaceOrientationLandscapeRight";
				LD_RUNPATH_SEARCH_PATHS = (
					"$(inherited)",
					"@executable_path/Frameworks",
				);
				MARKETING_VERSION = 1.0;
				PRODUCT_BUNDLE_IDENTIFIER = com.kensteckler.Flix;
				PRODUCT_NAME = "$(TARGET_NAME)";
				SWIFT_EMIT_LOC_STRINGS = YES;
				SWIFT_VERSION = 5.0;
				TARGETED_DEVICE_FAMILY = "1,2";
			};
			name = Debug;
		};
		BE89AA8728CD770A00B00F6F /* Release */ = {
			isa = XCBuildConfiguration;
			baseConfigurationReference = 47BFA415D9D2177E2AD4B03C /* Pods-Flix.release.xcconfig */;
			buildSettings = {
				ASSETCATALOG_COMPILER_APPICON_NAME = AppIcon;
				ASSETCATALOG_COMPILER_GLOBAL_ACCENT_COLOR_NAME = AccentColor;
				CODE_SIGN_STYLE = Automatic;
				CURRENT_PROJECT_VERSION = 1;
				DEVELOPMENT_TEAM = 7RHS86QMAW;
				GENERATE_INFOPLIST_FILE = YES;
				INFOPLIST_FILE = Flix/Info.plist;
				INFOPLIST_KEY_UIApplicationSupportsIndirectInputEvents = YES;
				INFOPLIST_KEY_UILaunchStoryboardName = LaunchScreen;
				INFOPLIST_KEY_UIMainStoryboardFile = Main;
				INFOPLIST_KEY_UISupportedInterfaceOrientations_iPad = "UIInterfaceOrientationPortrait UIInterfaceOrientationPortraitUpsideDown UIInterfaceOrientationLandscapeLeft UIInterfaceOrientationLandscapeRight";
				INFOPLIST_KEY_UISupportedInterfaceOrientations_iPhone = "UIInterfaceOrientationPortrait UIInterfaceOrientationLandscapeLeft UIInterfaceOrientationLandscapeRight";
				LD_RUNPATH_SEARCH_PATHS = (
					"$(inherited)",
					"@executable_path/Frameworks",
				);
				MARKETING_VERSION = 1.0;
				PRODUCT_BUNDLE_IDENTIFIER = com.kensteckler.Flix;
				PRODUCT_NAME = "$(TARGET_NAME)";
				SWIFT_EMIT_LOC_STRINGS = YES;
				SWIFT_VERSION = 5.0;
				TARGETED_DEVICE_FAMILY = "1,2";
			};
			name = Release;
		};
		BE89AA8928CD770A00B00F6F /* Debug */ = {
			isa = XCBuildConfiguration;
			baseConfigurationReference = C5E47DDF7D8B13C7DE2C04EE /* Pods-FlixTests.debug.xcconfig */;
			buildSettings = {
				ALWAYS_EMBED_SWIFT_STANDARD_LIBRARIES = YES;
				BUNDLE_LOADER = "$(TEST_HOST)";
				CODE_SIGN_STYLE = Automatic;
				CURRENT_PROJECT_VERSION = 1;
				DEVELOPMENT_TEAM = 7RHS86QMAW;
				GENERATE_INFOPLIST_FILE = YES;
				IPHONEOS_DEPLOYMENT_TARGET = 15.4;
				MARKETING_VERSION = 1.0;
				PRODUCT_BUNDLE_IDENTIFIER = com.kensteckler.FlixTests;
				PRODUCT_NAME = "$(TARGET_NAME)";
				SWIFT_EMIT_LOC_STRINGS = NO;
				SWIFT_VERSION = 5.0;
				TARGETED_DEVICE_FAMILY = "1,2";
				TEST_HOST = "$(BUILT_PRODUCTS_DIR)/Flix.app/$(BUNDLE_EXECUTABLE_FOLDER_PATH)/Flix";
			};
			name = Debug;
		};
		BE89AA8A28CD770A00B00F6F /* Release */ = {
			isa = XCBuildConfiguration;
			baseConfigurationReference = 38947740B366AD2722205C45 /* Pods-FlixTests.release.xcconfig */;
			buildSettings = {
				ALWAYS_EMBED_SWIFT_STANDARD_LIBRARIES = YES;
				BUNDLE_LOADER = "$(TEST_HOST)";
				CODE_SIGN_STYLE = Automatic;
				CURRENT_PROJECT_VERSION = 1;
				DEVELOPMENT_TEAM = 7RHS86QMAW;
				GENERATE_INFOPLIST_FILE = YES;
				IPHONEOS_DEPLOYMENT_TARGET = 15.4;
				MARKETING_VERSION = 1.0;
				PRODUCT_BUNDLE_IDENTIFIER = com.kensteckler.FlixTests;
				PRODUCT_NAME = "$(TARGET_NAME)";
				SWIFT_EMIT_LOC_STRINGS = NO;
				SWIFT_VERSION = 5.0;
				TARGETED_DEVICE_FAMILY = "1,2";
				TEST_HOST = "$(BUILT_PRODUCTS_DIR)/Flix.app/$(BUNDLE_EXECUTABLE_FOLDER_PATH)/Flix";
			};
			name = Release;
		};
		BE89AA8C28CD770A00B00F6F /* Debug */ = {
			isa = XCBuildConfiguration;
			baseConfigurationReference = 2188DAF6F6E0DD1ACA165942 /* Pods-Flix-FlixUITests.debug.xcconfig */;
			buildSettings = {
				ALWAYS_EMBED_SWIFT_STANDARD_LIBRARIES = YES;
				CODE_SIGN_STYLE = Automatic;
				CURRENT_PROJECT_VERSION = 1;
				DEVELOPMENT_TEAM = 7RHS86QMAW;
				GENERATE_INFOPLIST_FILE = YES;
				MARKETING_VERSION = 1.0;
				PRODUCT_BUNDLE_IDENTIFIER = com.kensteckler.FlixUITests;
				PRODUCT_NAME = "$(TARGET_NAME)";
				SWIFT_EMIT_LOC_STRINGS = NO;
				SWIFT_VERSION = 5.0;
				TARGETED_DEVICE_FAMILY = "1,2";
				TEST_TARGET_NAME = Flix;
			};
			name = Debug;
		};
		BE89AA8D28CD770A00B00F6F /* Release */ = {
			isa = XCBuildConfiguration;
			baseConfigurationReference = C67A274397F7817D36A303C7 /* Pods-Flix-FlixUITests.release.xcconfig */;
			buildSettings = {
				ALWAYS_EMBED_SWIFT_STANDARD_LIBRARIES = YES;
				CODE_SIGN_STYLE = Automatic;
				CURRENT_PROJECT_VERSION = 1;
				DEVELOPMENT_TEAM = 7RHS86QMAW;
				GENERATE_INFOPLIST_FILE = YES;
				MARKETING_VERSION = 1.0;
				PRODUCT_BUNDLE_IDENTIFIER = com.kensteckler.FlixUITests;
				PRODUCT_NAME = "$(TARGET_NAME)";
				SWIFT_EMIT_LOC_STRINGS = NO;
				SWIFT_VERSION = 5.0;
				TARGETED_DEVICE_FAMILY = "1,2";
				TEST_TARGET_NAME = Flix;
			};
			name = Release;
		};
/* End XCBuildConfiguration section */

/* Begin XCConfigurationList section */
		BE89AA5628CD770800B00F6F /* Build configuration list for PBXProject "Flix" */ = {
			isa = XCConfigurationList;
			buildConfigurations = (
				BE89AA8328CD770A00B00F6F /* Debug */,
				BE89AA8428CD770A00B00F6F /* Release */,
			);
			defaultConfigurationIsVisible = 0;
			defaultConfigurationName = Release;
		};
		BE89AA8528CD770A00B00F6F /* Build configuration list for PBXNativeTarget "Flix" */ = {
			isa = XCConfigurationList;
			buildConfigurations = (
				BE89AA8628CD770A00B00F6F /* Debug */,
				BE89AA8728CD770A00B00F6F /* Release */,
			);
			defaultConfigurationIsVisible = 0;
			defaultConfigurationName = Release;
		};
		BE89AA8828CD770A00B00F6F /* Build configuration list for PBXNativeTarget "FlixTests" */ = {
			isa = XCConfigurationList;
			buildConfigurations = (
				BE89AA8928CD770A00B00F6F /* Debug */,
				BE89AA8A28CD770A00B00F6F /* Release */,
			);
			defaultConfigurationIsVisible = 0;
			defaultConfigurationName = Release;
		};
		BE89AA8B28CD770A00B00F6F /* Build configuration list for PBXNativeTarget "FlixUITests" */ = {
			isa = XCConfigurationList;
			buildConfigurations = (
				BE89AA8C28CD770A00B00F6F /* Debug */,
				BE89AA8D28CD770A00B00F6F /* Release */,
			);
			defaultConfigurationIsVisible = 0;
			defaultConfigurationName = Release;
		};
/* End XCConfigurationList section */

/* Begin XCRemoteSwiftPackageReference section */
		BE405B2428CD8D97009FE299 /* XCRemoteSwiftPackageReference "AlamofireImage" */ = {
			isa = XCRemoteSwiftPackageReference;
			repositoryURL = "https://github.com/Alamofire/AlamofireImage.git";
			requirement = {
				kind = upToNextMajorVersion;
				minimumVersion = 4.0.0;
			};
		};
/* End XCRemoteSwiftPackageReference section */

/* Begin XCSwiftPackageProductDependency section */
		BE405B2528CD8D97009FE299 /* AlamofireImage */ = {
			isa = XCSwiftPackageProductDependency;
			package = BE405B2428CD8D97009FE299 /* XCRemoteSwiftPackageReference "AlamofireImage" */;
			productName = AlamofireImage;
		};
/* End XCSwiftPackageProductDependency section */
	};
	rootObject = BE89AA5328CD770800B00F6F /* Project object */;
}
